{
  "name": "carpenter",
  "version": "1.0.0-alpha.0",
  "lockfileVersion": 3,
  "requires": true,
  "packages": {
    "": {
      "name": "carpenter",
      "version": "1.0.0-alpha.0",
      "license": "MIT",
      "dependencies": {
        "@formwork/cli": "^1.0.0-alpha.0"
      },
      "bin": {
        "carpenter": "dist/bin.js"
      },
      "devDependencies": {
        "@types/node": "^25.5.0",
        "typescript": "^5.9.3"
      }
    },
    "node_modules/@clack/core": {
      "version": "1.1.0",
      "resolved": "http://localhost:4873/@clack/core/-/core-1.1.0.tgz",
      "integrity": "sha512-SVcm4Dqm2ukn64/8Gub2wnlA5nS2iWJyCkdNHcvNHPIeBTGojpdJ+9cZKwLfmqy7irD4N5qLteSilJlE0WLAtA==",
      "license": "MIT",
      "dependencies": {
        "sisteransi": "^1.0.5"
      }
    },
    "node_modules/@clack/prompts": {
      "version": "1.1.0",
      "resolved": "http://localhost:4873/@clack/prompts/-/prompts-1.1.0.tgz",
      "integrity": "sha512-pkqbPGtohJAvm4Dphs2M8xE29ggupihHdy1x84HNojZuMtFsHiUlRvqD24tM2+XmI+61LlfNceM3Wr7U5QES5g==",
      "license": "MIT",
      "dependencies": {
        "@clack/core": "1.1.0",
        "sisteransi": "^1.0.5"
      }
    },
    "node_modules/@formwork/cli": {
      "version": "1.0.0-alpha.0",
      "resolved": "http://localhost:4873/@formwork/cli/-/cli-1.0.0-alpha.0.tgz",
      "integrity": "sha512-mfYQCuZfhmILW3jFRwkMih3k1csEng7r+cMaKZOjx+oCs9HnyMHBHrBWlZ5bPUXfdzrYY9U+7XqDj6dhr4Dn4w==",
      "license": "MIT",
      "dependencies": {
        "@formwork/core": "^1.0.0-alpha.0",
        "create-carpenter-app": "*"
      },
      "bin": {
        "carpenter": "dist/bin.js"
      }
    },
    "node_modules/@formwork/core": {
      "version": "1.0.0-alpha.0",
      "resolved": "http://localhost:4873/@formwork/core/-/core-1.0.0-alpha.0.tgz",
      "integrity": "sha512-q9RcyF0fOQIsqQqGZVt4ZYX8hw0IUCbyRqG6P/Cw+LTzeXY4PFIDYwVjzHBEdY0TFrAtG9QEbrXqJnYghoWTug==",
      "license": "MIT"
    },
    "node_modules/@types/node": {
      "version": "25.5.0",
      "resolved": "http://localhost:4873/@types/node/-/node-25.5.0.tgz",
      "integrity": "sha512-jp2P3tQMSxWugkCUKLRPVUpGaL5MVFwF8RDuSRztfwgN1wmqJeMSbKlnEtQqU8UrhTmzEmZdu2I6v2dpp7XIxw==",
      "dev": true,
      "license": "MIT",
      "dependencies": {
        "undici-types": "~7.18.0"
      }
    },
    "node_modules/create-carpenter-app": {
      "version": "1.0.0",
      "resolved": "http://localhost:4873/create-carpenter-app/-/create-carpenter-app-1.0.0.tgz",
      "integrity": "sha512-QVnN16ltTSoDiKOL2hLLvGFKhF3bzSLIF04n03yHHwmJP1nyVIrumJsFVMTllpSRajmja6ECdxSDsPCYE1B70A==",
      "dependencies": {
        "@clack/prompts": "^1.1.0"
      },
      "bin": {
        "create-carpenter-app": "dist/cli.js"
      }
    },
    "node_modules/sisteransi": {
      "version": "1.0.5",
      "resolved": "http://localhost:4873/sisteransi/-/sisteransi-1.0.5.tgz",
      "integrity": "sha512-bLGGlR1QxBcynn2d5YmDX4MGjlZvy2MRBDRNHLJ8VI6l6+9FUiyTFNJ0IveOSP0bcXgVDPRcfGqA0pjaqUpfVg==",
      "license": "MIT"
    },
    "node_modules/typescript": {
      "version": "5.9.3",
      "resolved": "http://localhost:4873/typescript/-/typescript-5.9.3.tgz",
      "integrity": "sha512-jl1vZzPDinLr9eUt3J/t7V6FgNEw9QjvBPdysz9KfQDD41fQrC2Y4vKQdiaUpFT4bXlb1RHhLpp8wtm6M5TgSw==",
      "dev": true,
      "license": "Apache-2.0",
      "bin": {
        "tsc": "bin/tsc",
        "tsserver": "bin/tsserver"
      },
      "engines": {
        "node": ">=14.17"
      }
    },
    "node_modules/undici-types": {
      "version": "7.18.2",
      "resolved": "http://localhost:4873/undici-types/-/undici-types-7.18.2.tgz",
      "integrity": "sha512-AsuCzffGHJybSaRrmr5eHr81mwJU3kjw6M+uprWvCXiNeN9SOGwQ3Jn8jb8m3Z6izVgknn1R0FTCEAP2QrLY/w==",
      "dev": true,
      "license": "MIT"
    }
  }
}
